
Microsoft Visual Studio Solution File, Format Version 12.00
# Visual Studio Version 16
VisualStudioVersion = 16.0.30907.101
MinimumVisualStudioVersion = 10.0.40219.1
Project("{FAE04EC0-301F-11D3-BF4B-00C04F79EFBC}") = "MovieLibraryEntityFramework", "MovieLibraryEntityFramework\MovieLibraryEntityFramework.csproj", "{9F8B31C0-D879-4260-82DE-8181F6CED9A3}"
EndProject
Global
	GlobalSection(SolutionConfigurationPlatforms) = preSolution
		Debug|Any CPU = Debug|Any CPU
		Release|Any CPU = Release|Any CPU
	EndGlobalSection
	GlobalSection(ProjectConfigurationPlatforms) = postSolution
		{9F8B31C0-D879-4260-82DE-8181F6CED9A3}.Debug|Any CPU.ActiveCfg = Debug|Any CPU
		{9F8B31C0-D879-4260-82DE-8181F6CED9A3}.Debug|Any CPU.Build.0 = Debug|Any CPU
		{9F8B31C0-D879-4260-82DE-8181F6CED9A3}.Release|Any CPU.ActiveCfg = Release|Any CPU
		{9F8B31C0-D879-4260-82DE-8181F6CED9A3}.Release|Any CPU.Build.0 = Release|Any CPU
	EndGlobalSection
	GlobalSection(SolutionProperties) = preSolution
		HideSolutionNode = FALSE
	EndGlobalSection
	GlobalSection(ExtensibilityGlobals) = postSolution
		SolutionGuid = {A5A757AA-C30B-419C-905A-CC9A1622EC7D}
	EndGlobalSection
EndGlobal
